
Microsoft Visual Studio Solution File, Format Version 12.00
# Visual Studio Version 17
VisualStudioVersion = 17.0.32014.148
MinimumVisualStudioVersion = 10.0.40219.1
Project("{9092AA53-FB77-4645-B42D-1CCCA6BD08BD}") = "Drop-v3", "Drop-v3.njsproj", "{C5D65279-7D46-42AE-9ADC-A08A0A9456EB}"
EndProject
Global
	GlobalSection(SolutionConfigurationPlatforms) = preSolution
		Debug|Any CPU = Debug|Any CPU
		Release|Any CPU = Release|Any CPU
	EndGlobalSection
	GlobalSection(ProjectConfigurationPlatforms) = postSolution
		{C5D65279-7D46-42AE-9ADC-A08A0A9456EB}.Debug|Any CPU.ActiveCfg = Debug|Any CPU
		{C5D65279-7D46-42AE-9ADC-A08A0A9456EB}.Debug|Any CPU.Build.0 = Debug|Any CPU
		{C5D65279-7D46-42AE-9ADC-A08A0A9456EB}.Release|Any CPU.ActiveCfg = Release|Any CPU
		{C5D65279-7D46-42AE-9ADC-A08A0A9456EB}.Release|Any CPU.Build.0 = Release|Any CPU
	EndGlobalSection
	GlobalSection(SolutionProperties) = preSolution
		HideSolutionNode = FALSE
	EndGlobalSection
	GlobalSection(ExtensibilityGlobals) = postSolution
		SolutionGuid = {25124E49-CA60-4877-9182-F4B1054C6215}
	EndGlobalSection
EndGlobal
